dependencies:
- name: openfaas
  repository: https://openfaas.github.io/faas-netes
  version: 10.0.7
- name: altinity-clickhouse-operator
  repository: https://docs.altinity.com/clickhouse-operator/
  version: 0.20.3
digest: sha256:824ab806c5c72a3184d5ab1ec56c57c0c9427735b094bcc95fa3d6cd2a1f0eb2
generated: "2023-04-29T17:35:09.337511862Z"
